
Microsoft Visual Studio Solution File, Format Version 12.00
# Visual Studio 15
VisualStudioVersion = 15.0.28307.1022
MinimumVisualStudioVersion = 10.0.40219.1
Project("{FAE04EC0-301F-11D3-BF4B-00C04F79EFBC}") = "ED1_Proyecto", "ED1_Proyecto\ED1_Proyecto.csproj", "{2D66EB23-E4D7-4A7A-AA4B-1B554384D73F}"
EndProject
Project("{FAE04EC0-301F-11D3-BF4B-00C04F79EFBC}") = "ClassLibrary1", "ClassLibrary1\ClassLibrary1.csproj", "{C9DFE0D4-B4D8-4CE1-A6A9-77D4D6A7741C}"
EndProject
Global
	GlobalSection(SolutionConfigurationPlatforms) = preSolution
		Debug|Any CPU = Debug|Any CPU
		Release|Any CPU = Release|Any CPU
	EndGlobalSection
	GlobalSection(ProjectConfigurationPlatforms) = postSolution
		{2D66EB23-E4D7-4A7A-AA4B-1B554384D73F}.Debug|Any CPU.ActiveCfg = Debug|Any CPU
		{2D66EB23-E4D7-4A7A-AA4B-1B554384D73F}.Debug|Any CPU.Build.0 = Debug|Any CPU
		{2D66EB23-E4D7-4A7A-AA4B-1B554384D73F}.Release|Any CPU.ActiveCfg = Release|Any CPU
		{2D66EB23-E4D7-4A7A-AA4B-1B554384D73F}.Release|Any CPU.Build.0 = Release|Any CPU
		{C9DFE0D4-B4D8-4CE1-A6A9-77D4D6A7741C}.Debug|Any CPU.ActiveCfg = Debug|Any CPU
		{C9DFE0D4-B4D8-4CE1-A6A9-77D4D6A7741C}.Debug|Any CPU.Build.0 = Debug|Any CPU
		{C9DFE0D4-B4D8-4CE1-A6A9-77D4D6A7741C}.Release|Any CPU.ActiveCfg = Release|Any CPU
		{C9DFE0D4-B4D8-4CE1-A6A9-77D4D6A7741C}.Release|Any CPU.Build.0 = Release|Any CPU
	EndGlobalSection
	GlobalSection(SolutionProperties) = preSolution
		HideSolutionNode = FALSE
	EndGlobalSection
	GlobalSection(ExtensibilityGlobals) = postSolution
		SolutionGuid = {939B4C68-2AAA-44F9-BCCF-D2560E6C469D}
	EndGlobalSection
EndGlobal
